
Microsoft Visual Studio Solution File, Format Version 12.00
# Visual Studio Version 16
VisualStudioVersion = 16.0.30804.86
MinimumVisualStudioVersion = 10.0.40219.1
Project("{2150E333-8FDC-42A3-9474-1A3956D46DE8}") = "Application", "Application", "{4466025D-E5C1-4241-B7E3-981FA5137878}"
EndProject
Project("{2150E333-8FDC-42A3-9474-1A3956D46DE8}") = "Domain", "Domain", "{56D931B4-E6D4-48CF-8FA0-07E73835C3AD}"
EndProject
Project("{2150E333-8FDC-42A3-9474-1A3956D46DE8}") = "Infra.IoC", "Infra.IoC", "{ED0A6E43-7981-4227-A12B-00C41ADE8E2C}"
EndProject
Project("{2150E333-8FDC-42A3-9474-1A3956D46DE8}") = "Infra.Data", "Infra.Data", "{A09CDFCB-F015-44F5-B11B-46A645413BD2}"
EndProject
Project("{2150E333-8FDC-42A3-9474-1A3956D46DE8}") = "Presentation", "Presentation", "{1916EFC3-8D13-40EE-8766-C1D8C7872FE4}"
EndProject
Project("{9A19103F-16F7-4668-BE54-9A1E7A4F7556}") = "CleanArch.Mvc", "CleanArch.Mvc\CleanArch.Mvc.csproj", "{1EC8E817-3FC7-4C77-B295-D0AFB92778F7}"
EndProject
Project("{9A19103F-16F7-4668-BE54-9A1E7A4F7556}") = "CleanArch.Domain", "CleanArch.Domain\CleanArch.Domain.csproj", "{DB796726-3F2C-45DB-A33F-7E809F8F3FDB}"
EndProject
Project("{FAE04EC0-301F-11D3-BF4B-00C04F79EFBC}") = "CleanArch.Infra.Data", "CleanArch.Infra.Data\CleanArch.Infra.Data.csproj", "{A36485AC-1FF8-4E94-93B7-0133C1234C46}"
EndProject
Project("{FAE04EC0-301F-11D3-BF4B-00C04F79EFBC}") = "CleanArch.Application", "CleanArch.Application\CleanArch.Application.csproj", "{12ADAAC8-E244-446A-BE4B-9FBE269C63AA}"
EndProject
Project("{FAE04EC0-301F-11D3-BF4B-00C04F79EFBC}") = "CleanArch.Infra.IoC", "CleanArch.Infra.IoC\CleanArch.Infra.IoC.csproj", "{EEE0A251-B15A-47B1-8370-37B6344486B2}"
EndProject
Global
	GlobalSection(SolutionConfigurationPlatforms) = preSolution
		Debug|Any CPU = Debug|Any CPU
		Release|Any CPU = Release|Any CPU
	EndGlobalSection
	GlobalSection(ProjectConfigurationPlatforms) = postSolution
		{1EC8E817-3FC7-4C77-B295-D0AFB92778F7}.Debug|Any CPU.ActiveCfg = Debug|Any CPU
		{1EC8E817-3FC7-4C77-B295-D0AFB92778F7}.Debug|Any CPU.Build.0 = Debug|Any CPU
		{1EC8E817-3FC7-4C77-B295-D0AFB92778F7}.Release|Any CPU.ActiveCfg = Release|Any CPU
		{1EC8E817-3FC7-4C77-B295-D0AFB92778F7}.Release|Any CPU.Build.0 = Release|Any CPU
		{DB796726-3F2C-45DB-A33F-7E809F8F3FDB}.Debug|Any CPU.ActiveCfg = Debug|Any CPU
		{DB796726-3F2C-45DB-A33F-7E809F8F3FDB}.Debug|Any CPU.Build.0 = Debug|Any CPU
		{DB796726-3F2C-45DB-A33F-7E809F8F3FDB}.Release|Any CPU.ActiveCfg = Release|Any CPU
		{DB796726-3F2C-45DB-A33F-7E809F8F3FDB}.Release|Any CPU.Build.0 = Release|Any CPU
		{A36485AC-1FF8-4E94-93B7-0133C1234C46}.Debug|Any CPU.ActiveCfg = Debug|Any CPU
		{A36485AC-1FF8-4E94-93B7-0133C1234C46}.Debug|Any CPU.Build.0 = Debug|Any CPU
		{A36485AC-1FF8-4E94-93B7-0133C1234C46}.Release|Any CPU.ActiveCfg = Release|Any CPU
		{A36485AC-1FF8-4E94-93B7-0133C1234C46}.Release|Any CPU.Build.0 = Release|Any CPU
		{12ADAAC8-E244-446A-BE4B-9FBE269C63AA}.Debug|Any CPU.ActiveCfg = Debug|Any CPU
		{12ADAAC8-E244-446A-BE4B-9FBE269C63AA}.Debug|Any CPU.Build.0 = Debug|Any CPU
		{12ADAAC8-E244-446A-BE4B-9FBE269C63AA}.Release|Any CPU.ActiveCfg = Release|Any CPU
		{12ADAAC8-E244-446A-BE4B-9FBE269C63AA}.Release|Any CPU.Build.0 = Release|Any CPU
		{EEE0A251-B15A-47B1-8370-37B6344486B2}.Debug|Any CPU.ActiveCfg = Debug|Any CPU
		{EEE0A251-B15A-47B1-8370-37B6344486B2}.Debug|Any CPU.Build.0 = Debug|Any CPU
		{EEE0A251-B15A-47B1-8370-37B6344486B2}.Release|Any CPU.ActiveCfg = Release|Any CPU
		{EEE0A251-B15A-47B1-8370-37B6344486B2}.Release|Any CPU.Build.0 = Release|Any CPU
	EndGlobalSection
	GlobalSection(SolutionProperties) = preSolution
		HideSolutionNode = FALSE
	EndGlobalSection
	GlobalSection(NestedProjects) = preSolution
		{1EC8E817-3FC7-4C77-B295-D0AFB92778F7} = {1916EFC3-8D13-40EE-8766-C1D8C7872FE4}
		{DB796726-3F2C-45DB-A33F-7E809F8F3FDB} = {56D931B4-E6D4-48CF-8FA0-07E73835C3AD}
		{A36485AC-1FF8-4E94-93B7-0133C1234C46} = {A09CDFCB-F015-44F5-B11B-46A645413BD2}
		{12ADAAC8-E244-446A-BE4B-9FBE269C63AA} = {4466025D-E5C1-4241-B7E3-981FA5137878}
		{EEE0A251-B15A-47B1-8370-37B6344486B2} = {ED0A6E43-7981-4227-A12B-00C41ADE8E2C}
	EndGlobalSection
	GlobalSection(ExtensibilityGlobals) = postSolution
		SolutionGuid = {748DE4C9-1857-4C56-AA88-64E193CD3D93}
	EndGlobalSection
EndGlobal
